{
  "name": "@code.gov/code-gov-style",
  "version": "0.0.1",
  "lockfileVersion": 1,
  "requires": true,
  "dependencies": {
    "@code.gov/code-gov-font": {
      "version": "0.0.1",
      "resolved": "https://registry.npmjs.org/@code.gov/code-gov-font/-/code-gov-font-0.0.1.tgz",
      "integrity": "sha512-zwodlN7KUXmElfhg6RUpUiYWBrXBKSFsvT8fhHR44j/U2H9udpkv8ieRihHXNEPMkzWTiclrDpeZBIFkIyTySQ=="
    }
  }
}
