{
  "name": "@code.gov/code-gov-style",
  "version": "0.0.1",
  "lockfileVersion": 1,
  "requires": true,
  "dependencies": {
    "@code.gov/code-gov-font": {
      "version": "0.2.0",
      "resolved": "https://registry.npmjs.org/@code.gov/code-gov-font/-/code-gov-font-0.2.0.tgz",
      "integrity": "sha512-gkhkFDICOIsuWrUo8OT+UItHQDcltTdwi/VoblnJ/GoQ9u4VuRuFwz/WLAPljOLE0P9aHIGbWCPXkI7r1/qsPg=="
    }
  }
}
